
Microsoft Visual Studio Solution File, Format Version 12.00
# Visual Studio Version 17
VisualStudioVersion = 17.11.35312.102
MinimumVisualStudioVersion = 10.0.40219.1
Project("{9A19103F-16F7-4668-BE54-9A1E7A4F7556}") = "ClaimStatus", "ClaimStatus\ClaimStatus.csproj", "{B3D2C79E-C057-4FEF-9CE9-FA23A763DF01}"
EndProject
Project("{2150E333-8FDC-42A3-9474-1A3956D46DE8}") = "mocks", "mocks", "{E4D46124-F27E-4B17-84D2-B266CA579CB7}"
	ProjectSection(SolutionItems) = preProject
		mocks\claims.json = mocks\claims.json
		mocks\notes.json = mocks\notes.json
	EndProjectSection
EndProject
Project("{2150E333-8FDC-42A3-9474-1A3956D46DE8}") = "observability", "observability", "{80628AE2-21FC-4242-91CF-F8F6C32F9CE1}"
EndProject
Project("{2150E333-8FDC-42A3-9474-1A3956D46DE8}") = "apim", "apim", "{399320BF-A6E7-43DE-9B91-27EAC9570F14}"
EndProject
Project("{2150E333-8FDC-42A3-9474-1A3956D46DE8}") = "scans", "scans", "{D82F49DB-FF86-460D-8863-369DB4CEC6A2}"
EndProject
Project("{2150E333-8FDC-42A3-9474-1A3956D46DE8}") = "Solution Items", "Solution Items", "{3153FAB9-4B80-494C-A8D9-AD094330CFED}"
	ProjectSection(SolutionItems) = preProject
		docker-compose.yml = docker-compose.yml
	EndProjectSection
EndProject
Project("{2150E333-8FDC-42A3-9474-1A3956D46DE8}") = "iac", "iac", "{2FD8EE9C-96F9-489D-A016-BD18BF2AE998}"
	ProjectSection(SolutionItems) = preProject
		iac\aca-deploy.bicep = iac\aca-deploy.bicep
		iac\acr-deploy.bicep = iac\acr-deploy.bicep
		iac\container-environment-def.bicep = iac\container-environment-def.bicep
		iac\log-analytics-workspace-def.bicep = iac\log-analytics-workspace-def.bicep
	EndProjectSection
EndProject
Project("{2150E333-8FDC-42A3-9474-1A3956D46DE8}") = "pipelines", "pipelines", "{B03AD8A5-17A1-4E96-A1BA-895937254ECD}"
	ProjectSection(SolutionItems) = preProject
		pipelines\azure-pipelines.yml = pipelines\azure-pipelines.yml
	EndProjectSection
EndProject
Project("{2150E333-8FDC-42A3-9474-1A3956D46DE8}") = "Documentation", "Documentation", "{84AA35A6-5CF3-43F6-B2A9-68AC3B84E9F8}"
	ProjectSection(SolutionItems) = preProject
		Documentation\pipeline-test.ps1 = Documentation\pipeline-test.ps1
	EndProjectSection
EndProject
Global
	GlobalSection(SolutionConfigurationPlatforms) = preSolution
		Debug|Any CPU = Debug|Any CPU
		Release|Any CPU = Release|Any CPU
	EndGlobalSection
	GlobalSection(ProjectConfigurationPlatforms) = postSolution
		{B3D2C79E-C057-4FEF-9CE9-FA23A763DF01}.Debug|Any CPU.ActiveCfg = Debug|Any CPU
		{B3D2C79E-C057-4FEF-9CE9-FA23A763DF01}.Debug|Any CPU.Build.0 = Debug|Any CPU
		{B3D2C79E-C057-4FEF-9CE9-FA23A763DF01}.Release|Any CPU.ActiveCfg = Release|Any CPU
		{B3D2C79E-C057-4FEF-9CE9-FA23A763DF01}.Release|Any CPU.Build.0 = Release|Any CPU
	EndGlobalSection
	GlobalSection(SolutionProperties) = preSolution
		HideSolutionNode = FALSE
	EndGlobalSection
	GlobalSection(ExtensibilityGlobals) = postSolution
		SolutionGuid = {4A00CC56-BB22-43C7-84A9-6BF8D94CF3A6}
	EndGlobalSection
EndGlobal
