
Microsoft Visual Studio Solution File, Format Version 12.00
# Visual Studio Version 17
VisualStudioVersion = 17.11.35312.102
MinimumVisualStudioVersion = 10.0.40219.1
Project("{FAE04EC0-301F-11D3-BF4B-00C04F79EFBC}") = "ClaimStatus", "ClaimStatus\ClaimStatus.csproj", "{B3D2C79E-C057-4FEF-9CE9-FA23A763DF01}"
EndProject
Project("{2150E333-8FDC-42A3-9474-1A3956D46DE8}") = "mocks", "mocks", "{E4D46124-F27E-4B17-84D2-B266CA579CB7}"
	ProjectSection(SolutionItems) = preProject
		mocks\claims.json = mocks\claims.json
		mocks\notes.json = mocks\notes.json
	EndProjectSection
EndProject
Project("{2150E333-8FDC-42A3-9474-1A3956D46DE8}") = "observability", "observability", "{80628AE2-21FC-4242-91CF-F8F6C32F9CE1}"
EndProject
Project("{2150E333-8FDC-42A3-9474-1A3956D46DE8}") = "pipelines", "pipelines", "{3200055A-FB53-41F1-A24A-586B0821CA7C}"
EndProject
Project("{2150E333-8FDC-42A3-9474-1A3956D46DE8}") = "apim", "apim", "{399320BF-A6E7-43DE-9B91-27EAC9570F14}"
EndProject
Project("{2150E333-8FDC-42A3-9474-1A3956D46DE8}") = "iac", "iac", "{D5A3BC02-56D1-4F53-923C-2F1B7F694942}"
EndProject
Project("{2150E333-8FDC-42A3-9474-1A3956D46DE8}") = "scans", "scans", "{D82F49DB-FF86-460D-8863-369DB4CEC6A2}"
EndProject
Global
	GlobalSection(SolutionConfigurationPlatforms) = preSolution
		Debug|Any CPU = Debug|Any CPU
		Release|Any CPU = Release|Any CPU
	EndGlobalSection
	GlobalSection(ProjectConfigurationPlatforms) = postSolution
		{B3D2C79E-C057-4FEF-9CE9-FA23A763DF01}.Debug|Any CPU.ActiveCfg = Debug|Any CPU
		{B3D2C79E-C057-4FEF-9CE9-FA23A763DF01}.Debug|Any CPU.Build.0 = Debug|Any CPU
		{B3D2C79E-C057-4FEF-9CE9-FA23A763DF01}.Release|Any CPU.ActiveCfg = Release|Any CPU
		{B3D2C79E-C057-4FEF-9CE9-FA23A763DF01}.Release|Any CPU.Build.0 = Release|Any CPU
	EndGlobalSection
	GlobalSection(SolutionProperties) = preSolution
		HideSolutionNode = FALSE
	EndGlobalSection
	GlobalSection(ExtensibilityGlobals) = postSolution
		SolutionGuid = {4A00CC56-BB22-43C7-84A9-6BF8D94CF3A6}
	EndGlobalSection
EndGlobal
